
Microsoft Visual Studio Solution File, Format Version 11.00
# Visual C# Express 2010
Project("{FAE04EC0-301F-11D3-BF4B-00C04F79EFBC}") = "Loops", "Loops\Loops.csproj", "{95D585E4-DAF5-4D6F-9D65-17F004CDB915}"
EndProject
Global
	GlobalSection(SolutionConfigurationPlatforms) = preSolution
		Debug|x86 = Debug|x86
		Release|x86 = Release|x86
	EndGlobalSection
	GlobalSection(ProjectConfigurationPlatforms) = postSolution
		{95D585E4-DAF5-4D6F-9D65-17F004CDB915}.Debug|x86.ActiveCfg = Debug|x86
		{95D585E4-DAF5-4D6F-9D65-17F004CDB915}.Debug|x86.Build.0 = Debug|x86
		{95D585E4-DAF5-4D6F-9D65-17F004CDB915}.Release|x86.ActiveCfg = Release|x86
		{95D585E4-DAF5-4D6F-9D65-17F004CDB915}.Release|x86.Build.0 = Release|x86
	EndGlobalSection
	GlobalSection(SolutionProperties) = preSolution
		HideSolutionNode = FALSE
	EndGlobalSection
EndGlobal
